// !$*UTF8*$!
{
	archiveVersion = 1;
	classes = {
	};
	objectVersion = 46;
	objects = {

/* Begin PBXBuildFile section */
		3FE0D9C71CB8E24900D72A60 /* AppDelegate.swift in Sources */ = {isa = PBXBuildFile; fileRef = 3FE0D9C61CB8E24900D72A60 /* AppDelegate.swift */; };
		3FE0D9CC1CB8E24900D72A60 /* Main.storyboard in Resources */ = {isa = PBXBuildFile; fileRef = 3FE0D9CA1CB8E24900D72A60 /* Main.storyboard */; };
		3FE0D9CE1CB8E24900D72A60 /* Assets.xcassets in Resources */ = {isa = PBXBuildFile; fileRef = 3FE0D9CD1CB8E24900D72A60 /* Assets.xcassets */; };
		3FE0D9D11CB8E24900D72A60 /* LaunchScreen.storyboard in Resources */ = {isa = PBXBuildFile; fileRef = 3FE0D9CF1CB8E24900D72A60 /* LaunchScreen.storyboard */; };
		3FE0D9D91CB8E8E600D72A60 /* MyFirstTableViewController.swift in Sources */ = {isa = PBXBuildFile; fileRef = 3FE0D9D81CB8E8E600D72A60 /* MyFirstTableViewController.swift */; };
		3FE0D9DC1CB8FB6500D72A60 /* animals.json in Resources */ = {isa = PBXBuildFile; fileRef = 3FE0D9DA1CB8FB6500D72A60 /* animals.json */; };
		3FE0D9DD1CB8FB6500D72A60 /* cinema.json in Resources */ = {isa = PBXBuildFile; fileRef = 3FE0D9DB1CB8FB6500D72A60 /* cinema.json */; };
		3FE0D9E01CB8FDD700D72A60 /* QuestionViewController.swift in Sources */ = {isa = PBXBuildFile; fileRef = 3FE0D9DF1CB8FDD700D72A60 /* QuestionViewController.swift */; };
		3FE0D9E31CB9052200D72A60 /* Question.swift in Sources */ = {isa = PBXBuildFile; fileRef = 3FE0D9E21CB9052200D72A60 /* Question.swift */; };
		3FF52FAF1CB939BC00C2B56B /* ResultViewController.swift in Sources */ = {isa = PBXBuildFile; fileRef = 3FF52FAE1CB939BC00C2B56B /* ResultViewController.swift */; };
/* End PBXBuildFile section */

/* Begin PBXFileReference section */
		3FE0D9C31CB8E24900D72A60 /* Quiz_PetroKov.app */ = {isa = PBXFileReference; explicitFileType = wrapper.application; includeInIndex = 0; path = Quiz_PetroKov.app; sourceTree = BUILT_PRODUCTS_DIR; };
		3FE0D9C61CB8E24900D72A60 /* AppDelegate.swift */ = {isa = PBXFileReference; lastKnownFileType = sourcecode.swift; path = AppDelegate.swift; sourceTree = "<group>"; };
		3FE0D9CB1CB8E24900D72A60 /* Base */ = {isa = PBXFileReference; lastKnownFileType = file.storyboard; name = Base; path = Base.lproj/Main.storyboard; sourceTree = "<group>"; };
		3FE0D9CD1CB8E24900D72A60 /* Assets.xcassets */ = {isa = PBXFileReference; lastKnownFileType = folder.assetcatalog; path = Assets.xcassets; sourceTree = "<group>"; };
		3FE0D9D01CB8E24900D72A60 /* Base */ = {isa = PBXFileReference; lastKnownFileType = file.storyboard; name = Base; path = Base.lproj/LaunchScreen.storyboard; sourceTree = "<group>"; };
		3FE0D9D21CB8E24900D72A60 /* Info.plist */ = {isa = PBXFileReference; lastKnownFileType = text.plist.xml; path = Info.plist; sourceTree = "<group>"; };
		3FE0D9D81CB8E8E600D72A60 /* MyFirstTableViewController.swift */ = {isa = PBXFileReference; fileEncoding = 4; lastKnownFileType = sourcecode.swift; path = MyFirstTableViewController.swift; sourceTree = "<group>"; };
		3FE0D9DA1CB8FB6500D72A60 /* animals.json */ = {isa = PBXFileReference; fileEncoding = 4; lastKnownFileType = text.json; path = animals.json; sourceTree = "<group>"; };
		3FE0D9DB1CB8FB6500D72A60 /* cinema.json */ = {isa = PBXFileReference; fileEncoding = 4; lastKnownFileType = text.json; path = cinema.json; sourceTree = "<group>"; };
		3FE0D9DF1CB8FDD700D72A60 /* QuestionViewController.swift */ = {isa = PBXFileReference; fileEncoding = 4; lastKnownFileType = sourcecode.swift; path = QuestionViewController.swift; sourceTree = "<group>"; };
		3FE0D9E21CB9052200D72A60 /* Question.swift */ = {isa = PBXFileReference; fileEncoding = 4; lastKnownFileType = sourcecode.swift; path = Question.swift; sourceTree = "<group>"; };
		3FF52FAE1CB939BC00C2B56B /* ResultViewController.swift */ = {isa = PBXFileReference; fileEncoding = 4; lastKnownFileType = sourcecode.swift; path = ResultViewController.swift; sourceTree = "<group>"; };
/* End PBXFileReference section */

/* Begin PBXFrameworksBuildPhase section */
		3FE0D9C01CB8E24900D72A60 /* Frameworks */ = {
			isa = PBXFrameworksBuildPhase;
			buildActionMask = 2147483647;
			files = (
			);
			runOnlyForDeploymentPostprocessing = 0;
		};
/* End PBXFrameworksBuildPhase section */

/* Begin PBXGroup section */
		3FE0D9BA1CB8E24900D72A60 = {
			isa = PBXGroup;
			children = (
				3FE0D9C51CB8E24900D72A60 /* Quiz_PetroKov */,
				3FE0D9C41CB8E24900D72A60 /* Products */,
			);
			sourceTree = "<group>";
		};
		3FE0D9C41CB8E24900D72A60 /* Products */ = {
			isa = PBXGroup;
			children = (
				3FE0D9C31CB8E24900D72A60 /* Quiz_PetroKov.app */,
			);
			name = Products;
			sourceTree = "<group>";
		};
		3FE0D9C51CB8E24900D72A60 /* Quiz_PetroKov */ = {
			isa = PBXGroup;
			children = (
				3FE0D9E11CB8FDF600D72A60 /* ViewControllers */,
				3FE0D9DE1CB8FB7700D72A60 /* Data JSon */,
				3FE0D9C61CB8E24900D72A60 /* AppDelegate.swift */,
				3FE0D9E21CB9052200D72A60 /* Question.swift */,
				3FE0D9CA1CB8E24900D72A60 /* Main.storyboard */,
				3FE0D9CD1CB8E24900D72A60 /* Assets.xcassets */,
				3FE0D9CF1CB8E24900D72A60 /* LaunchScreen.storyboard */,
				3FE0D9D21CB8E24900D72A60 /* Info.plist */,
			);
			path = Quiz_PetroKov;
			sourceTree = "<group>";
		};
		3FE0D9DE1CB8FB7700D72A60 /* Data JSon */ = {
			isa = PBXGroup;
			children = (
				3FE0D9DA1CB8FB6500D72A60 /* animals.json */,
				3FE0D9DB1CB8FB6500D72A60 /* cinema.json */,
			);
			name = "Data JSon";
			sourceTree = "<group>";
		};
		3FE0D9E11CB8FDF600D72A60 /* ViewControllers */ = {
			isa = PBXGroup;
			children = (
				3FF52FAE1CB939BC00C2B56B /* ResultViewController.swift */,
				3FE0D9D81CB8E8E600D72A60 /* MyFirstTableViewController.swift */,
				3FE0D9DF1CB8FDD700D72A60 /* QuestionViewController.swift */,
			);
			name = ViewControllers;
			sourceTree = "<group>";
		};
/* End PBXGroup section */

/* Begin PBXNativeTarget section */
		3FE0D9C21CB8E24900D72A60 /* Quiz_PetroKov */ = {
			isa = PBXNativeTarget;
			buildConfigurationList = 3FE0D9D51CB8E24A00D72A60 /* Build configuration list for PBXNativeTarget "Quiz_PetroKov" */;
			buildPhases = (
				3FE0D9BF1CB8E24900D72A60 /* Sources */,
				3FE0D9C01CB8E24900D72A60 /* Frameworks */,
				3FE0D9C11CB8E24900D72A60 /* Resources */,
			);
			buildRules = (
			);
			dependencies = (
			);
			name = Quiz_PetroKov;
			productName = Quiz_PetroKov;
			productReference = 3FE0D9C31CB8E24900D72A60 /* Quiz_PetroKov.app */;
			productType = "com.apple.product-type.application";
		};
/* End PBXNativeTarget section */

/* Begin PBXProject section */
		3FE0D9BB1CB8E24900D72A60 /* Project object */ = {
			isa = PBXProject;
			attributes = {
				LastSwiftUpdateCheck = 0720;
				LastUpgradeCheck = 0720;
				ORGANIZATIONNAME = PetroKov_LSR_A;
				TargetAttributes = {
					3FE0D9C21CB8E24900D72A60 = {
						CreatedOnToolsVersion = 7.2.1;
					};
				};
			};
			buildConfigurationList = 3FE0D9BE1CB8E24900D72A60 /* Build configuration list for PBXProject "Quiz_PetroKov" */;
			compatibilityVersion = "Xcode 3.2";
			developmentRegion = English;
			hasScannedForEncodings = 0;
			knownRegions = (
				en,
				Base,
			);
			mainGroup = 3FE0D9BA1CB8E24900D72A60;
			productRefGroup = 3FE0D9C41CB8E24900D72A60 /* Products */;
			projectDirPath = "";
			projectRoot = "";
			targets = (
				3FE0D9C21CB8E24900D72A60 /* Quiz_PetroKov */,
			);
		};
/* End PBXProject section */

/* Begin PBXResourcesBuildPhase section */
		3FE0D9C11CB8E24900D72A60 /* Resources */ = {
			isa = PBXResourcesBuildPhase;
			buildActionMask = 2147483647;
			files = (
				3FE0D9D11CB8E24900D72A60 /* LaunchScreen.storyboard in Resources */,
				3FE0D9DD1CB8FB6500D72A60 /* cinema.json in Resources */,
				3FE0D9DC1CB8FB6500D72A60 /* animals.json in Resources */,
				3FE0D9CE1CB8E24900D72A60 /* Assets.xcassets in Resources */,
				3FE0D9CC1CB8E24900D72A60 /* Main.storyboard in Resources */,
			);
			runOnlyForDeploymentPostprocessing = 0;
		};
/* End PBXResourcesBuildPhase section */

/* Begin PBXSourcesBuildPhase section */
		3FE0D9BF1CB8E24900D72A60 /* Sources */ = {
			isa = PBXSourcesBuildPhase;
			buildActionMask = 2147483647;
			files = (
				3FF52FAF1CB939BC00C2B56B /* ResultViewController.swift in Sources */,
				3FE0D9E01CB8FDD700D72A60 /* QuestionViewController.swift in Sources */,
				3FE0D9D91CB8E8E600D72A60 /* MyFirstTableViewController.swift in Sources */,
				3FE0D9C71CB8E24900D72A60 /* AppDelegate.swift in Sources */,
				3FE0D9E31CB9052200D72A60 /* Question.swift in Sources */,
			);
			runOnlyForDeploymentPostprocessing = 0;
		};
/* End PBXSourcesBuildPhase section */

/* Begin PBXVariantGroup section */
		3FE0D9CA1CB8E24900D72A60 /* Main.storyboard */ = {
			isa = PBXVariantGroup;
			children = (
				3FE0D9CB1CB8E24900D72A60 /* Base */,
			);
			name = Main.storyboard;
			sourceTree = "<group>";
		};
		3FE0D9CF1CB8E24900D72A60 /* LaunchScreen.storyboard */ = {
			isa = PBXVariantGroup;
			children = (
				3FE0D9D01CB8E24900D72A60 /* Base */,
			);
			name = LaunchScreen.storyboard;
			sourceTree = "<group>";
		};
/* End PBXVariantGroup section */

/* Begin XCBuildConfiguration section */
		3FE0D9D31CB8E24900D72A60 /* Debug */ = {
			isa = XCBuildConfiguration;
			buildSettings = {
				ALWAYS_SEARCH_USER_PATHS = NO;
				CLANG_CXX_LANGUAGE_STANDARD = "gnu++0x";
				CLANG_CXX_LIBRARY = "libc++";
				CLANG_ENABLE_MODULES = YES;
				CLANG_ENABLE_OBJC_ARC = YES;
				CLANG_WARN_BOOL_CONVERSION = YES;
				CLANG_WARN_CONSTANT_CONVERSION = YES;
				CLANG_WARN_DIRECT_OBJC_ISA_USAGE = YES_ERROR;
				CLANG_WARN_EMPTY_BODY = YES;
				CLANG_WARN_ENUM_CONVERSION = YES;
				CLANG_WARN_INT_CONVERSION = YES;
				CLANG_WARN_OBJC_ROOT_CLASS = YES_ERROR;
				CLANG_WARN_UNREACHABLE_CODE = YES;
				CLANG_WARN__DUPLICATE_METHOD_MATCH = YES;
				"CODE_SIGN_IDENTITY[sdk=iphoneos*]" = "iPhone Developer";
				COPY_PHASE_STRIP = NO;
				DEBUG_INFORMATION_FORMAT = dwarf;
				ENABLE_STRICT_OBJC_MSGSEND = YES;
				ENABLE_TESTABILITY = YES;
				GCC_C_LANGUAGE_STANDARD = gnu99;
				GCC_DYNAMIC_NO_PIC = NO;
				GCC_NO_COMMON_BLOCKS = YES;
				GCC_OPTIMIZATION_LEVEL = 0;
				GCC_PREPROCESSOR_DEFINITIONS = (
					"DEBUG=1",
					"$(inherited)",
				);
				GCC_WARN_64_TO_32_BIT_CONVERSION = YES;
				GCC_WARN_ABOUT_RETURN_TYPE = YES_ERROR;
				GCC_WARN_UNDECLARED_SELECTOR = YES;
				GCC_WARN_UNINITIALIZED_AUTOS = YES_AGGRESSIVE;
				GCC_WARN_UNUSED_FUNCTION = YES;
				GCC_WARN_UNUSED_VARIABLE = YES;
				IPHONEOS_DEPLOYMENT_TARGET = 9.2;
				MTL_ENABLE_DEBUG_INFO = YES;
				ONLY_ACTIVE_ARCH = YES;
				SDKROOT = iphoneos;
				SWIFT_OPTIMIZATION_LEVEL = "-Onone";
				TARGETED_DEVICE_FAMILY = "1,2";
			};
			name = Debug;
		};
		3FE0D9D41CB8E24900D72A60 /* Release */ = {
			isa = XCBuildConfiguration;
			buildSettings = {
				ALWAYS_SEARCH_USER_PATHS = NO;
				CLANG_CXX_LANGUAGE_STANDARD = "gnu++0x";
				CLANG_CXX_LIBRARY = "libc++";
				CLANG_ENABLE_MODULES = YES;
				CLANG_ENABLE_OBJC_ARC = YES;
				CLANG_WARN_BOOL_CONVERSION = YES;
				CLANG_WARN_CONSTANT_CONVERSION = YES;
				CLANG_WARN_DIRECT_OBJC_ISA_USAGE = YES_ERROR;
				CLANG_WARN_EMPTY_BODY = YES;
				CLANG_WARN_ENUM_CONVERSION = YES;
				CLANG_WARN_INT_CONVERSION = YES;
				CLANG_WARN_OBJC_ROOT_CLASS = YES_ERROR;
				CLANG_WARN_UNREACHABLE_CODE = YES;
				CLANG_WARN__DUPLICATE_METHOD_MATCH = YES;
				"CODE_SIGN_IDENTITY[sdk=iphoneos*]" = "iPhone Developer";
				COPY_PHASE_STRIP = NO;
				DEBUG_INFORMATION_FORMAT = "dwarf-with-dsym";
				ENABLE_NS_ASSERTIONS = NO;
				ENABLE_STRICT_OBJC_MSGSEND = YES;
				GCC_C_LANGUAGE_STANDARD = gnu99;
				GCC_NO_COMMON_BLOCKS = YES;
				GCC_WARN_64_TO_32_BIT_CONVERSION = YES;
				GCC_WARN_ABOUT_RETURN_TYPE = YES_ERROR;
				GCC_WARN_UNDECLARED_SELECTOR = YES;
				GCC_WARN_UNINITIALIZED_AUTOS = YES_AGGRESSIVE;
				GCC_WARN_UNUSED_FUNCTION = YES;
				GCC_WARN_UNUSED_VARIABLE = YES;
				IPHONEOS_DEPLOYMENT_TARGET = 9.2;
				MTL_ENABLE_DEBUG_INFO = NO;
				SDKROOT = iphoneos;
				TARGETED_DEVICE_FAMILY = "1,2";
				VALIDATE_PRODUCT = YES;
			};
			name = Release;
		};
		3FE0D9D61CB8E24A00D72A60 /* Debug */ = {
			isa = XCBuildConfiguration;
			buildSettings = {
				ASSETCATALOG_COMPILER_APPICON_NAME = AppIcon;
				INFOPLIST_FILE = Quiz_PetroKov/Info.plist;
				LD_RUNPATH_SEARCH_PATHS = "$(inherited) @executable_path/Frameworks";
				PRODUCT_BUNDLE_IDENTIFIER = "ru.lsr.Quiz-PetroKov";
				PRODUCT_NAME = "$(TARGET_NAME)";
			};
			name = Debug;
		};
		3FE0D9D71CB8E24A00D72A60 /* Release */ = {
			isa = XCBuildConfiguration;
			buildSettings = {
				ASSETCATALOG_COMPILER_APPICON_NAME = AppIcon;
				INFOPLIST_FILE = Quiz_PetroKov/Info.plist;
				LD_RUNPATH_SEARCH_PATHS = "$(inherited) @executable_path/Frameworks";
				PRODUCT_BUNDLE_IDENTIFIER = "ru.lsr.Quiz-PetroKov";
				PRODUCT_NAME = "$(TARGET_NAME)";
			};
			name = Release;
		};
/* End XCBuildConfiguration section */

/* Begin XCConfigurationList section */
		3FE0D9BE1CB8E24900D72A60 /* Build configuration list for PBXProject "Quiz_PetroKov" */ = {
			isa = XCConfigurationList;
			buildConfigurations = (
				3FE0D9D31CB8E24900D72A60 /* Debug */,
				3FE0D9D41CB8E24900D72A60 /* Release */,
			);
			defaultConfigurationIsVisible = 0;
			defaultConfigurationName = Release;
		};
		3FE0D9D51CB8E24A00D72A60 /* Build configuration list for PBXNativeTarget "Quiz_PetroKov" */ = {
			isa = XCConfigurationList;
			buildConfigurations = (
				3FE0D9D61CB8E24A00D72A60 /* Debug */,
				3FE0D9D71CB8E24A00D72A60 /* Release */,
			);
			defaultConfigurationIsVisible = 0;
			defaultConfigurationName = Release;
		};
/* End XCConfigurationList section */
	};
	rootObject = 3FE0D9BB1CB8E24900D72A60 /* Project object */;
}
